github.com/Masterminds/semver/v3 v3.4.0 h1:Zog+i5UMtVoCU8oKka5P7i9q9HgrJeGzI9SA1Xbatp0=
github.com/Masterminds/semver/v3 v3.4.0/go.mod h1:4V+yj/TJE1HU9XfppCwVMZq3I84lprf4nC11bSS5beM=
github.com/davecgh/go-spew v1.1.1 h1:vj9j/u1bqnvCEfJOwUhtlOARqs3+rkHYY13jYWTU97c=
github.com/davecgh/go-spew v1.1.1/go.mod h1:J7Y8YcW2NihsgmVo/mv3lAwl/skON4iLHjSsI+c5H38=
github.com/go-composites/array v0.0.0-20260621062820-1aa11b71d5d6 h1:gJG8ekSggliP8pmp4R+VCqq2nGq5BLiyEoO0BHDOYl4=
github.com/go-composites/array v0.0.0-20260621062820-1aa11b71d5d6/go.mod h1:hhWmL0cQYEqlwbktG0uhz17sTRDcq1Gtgs1FO9aI+gU=
github.com/go-composites/bigfloat v0.0.0-20260621063224-9b6bd10c7789 h1:eGmi6idxvwjMpvh5kb3xHWk9lVdM1vHto7oO4VvhdNQ=
github.com/go-composites/bigfloat v0.0.0-20260621063224-9b6bd10c7789/go.mod h1:GO9D8wd3+kDK00/NcpTJK1dx+p+ecGbOPPZcgCifZJY=
github.com/go-composites/bignumber v0.0.0-20260621063131-a5e1717abff4 h1:/j9gmNxaTnqw2eJqgZEGGrWbkOZwsogJk5/ZBEU0Ojk=
github.com/go-composites/bignumber v0.0.0-20260621063131-a5e1717abff4/go.mod h1:59dCDyAuCzyTWd0fxj3U+V160vEg1H6RUsFPueY5Roc=
github.com/go-composites/boolean v0.0.0-20260621062849-a585cb7aee07 h1:rm0Z0IzX553jkWvtihRfPDp0jvPOfKrYqXmJTGUvM6A=
github.com/go-composites/boolean v0.0.0-20260621062849-a585cb7aee07/go.mod h1:+Ri1DTHiTCa404bJY2qRfBIy6a6dBA/Mgn5wx196Gzc=
github.com/go-composites/buffer v0.0.0-20260621053722-8277f1bce43c h1:lmcAw2oVtYnkzGn11wXq2r2GdUAwmj88ULDHfATiT8g=
github.com/go-composites/buffer v0.0.0-20260621053722-8277f1bce43c/go.mod h1:bn7e0tulw0QZv+9cu5b3aqmVqBYTFewbQqBw4NJs3/U=
github.com/go-composites/complex v0.0.0-20260621063208-a4e2c6be5f6e h1:CXBIEl/QlKMJeMjYiwcQqO5nMn/YafQwVOm08IXV33Y=
github.com/go-composites/complex v0.0.0-20260621063208-a4e2c6be5f6e/go.mod h1:6QJVzfdW48ELiSIUMZ9euPOVwEFaPzfBxyLrXlGN8FM=
github.com/go-composites/dictionary v0.0.0-20260621062926-bcc78dbd12de h1:fcrMKp0ZmhWPwjwGRwBFSctPzsVYGh9HCi/GSEo5AX4=
github.com/go-composites/dictionary v0.0.0-20260621062926-bcc78dbd12de/go.mod h1:AoX4Zn6DyO1Ev2K+Yi0eNRo2Lu3DoIv7JOG8YNQ+4Is=
github.com/go-composites/enumerator v0.0.0-20260621063117-23de38ab26ce h1:I0CZcwqnM+7nErVDiIL8o4tw/6/7sfDiQW23XGqyRnI=
github.com/go-composites/enumerator v0.0.0-20260621063117-23de38ab26ce/go.mod h1:SJl46dHhrCLH5JTQkhFoloxIRwzMIpUCaMzVCnzhX1A=
github.com/go-composites/error v0.0.0-20260621061850-8f949885a586 h1:gA6h4DA7NSiDoqwYDMUlQ2LO/dWx3VBq41nHIMQJskI=
github.com/go-composites/error v0.0.0-20260621061850-8f949885a586/go.mod h1:9Lf1BQDdG/DDzw+WaWctBOzk69PTLjREAiPcKfSUilU=
github.com/go-composites/null v0.0.0-20260621061849-c8074799d5aa h1:C7LXruttK94qEUNp4HV5Cqcxt+kp5NXSB0nxKVa0N+c=
github.com/go-composites/null v0.0.0-20260621061849-c8074799d5aa/go.mod h1:6cSkTkpvobmk2/FSOCRu928lYmWCp87HyCSffyQFhVk=
github.com/go-composites/number v0.0.0-20260621062905-0455466bf6dc h1:KkbZTLrhrHQdXj5Ila4TJWVllqjAVmKamKyJXwwP0Ug=
github.com/go-composites/number v0.0.0-20260621062905-0455466bf6dc/go.mod h1:TdzTN8aGCPs6zfaCBisSsawWSLQw/5fhGgS3bZHlurw=
github.com/go-composites/orderedset v0.0.0-20260621062955-a4dd786ee84f h1:KkO/T3JVKoDAxCggB+OeiYQOjB7UnPsfrye/cV98QwE=
github.com/go-composites/orderedset v0.0.0-20260621062955-a4dd786ee84f/go.mod h1:OPFVeJrZLZy70BKXn/ktClWFV3emIJA9tZ+UhY5Xiwk=
github.com/go-composites/pair v0.0.0-20260621063021-f271464c717d h1:Bm8WcIPr85xjXxZFYnzHF++0xPfVSVuMcqSHSeJ9cN0=
github.com/go-composites/pair v0.0.0-20260621063021-f271464c717d/go.mod h1:LLcGUHCJYSy4RpCs9p+LfEOmMtD8C/72oG4u4KB3hIQ=
github.com/go-composites/proc v0.0.0-20260621063101-5567df7f1cd2 h1:FXNi1IUbZA/2tWOJTZVUYlxEglpIRiIXfGhPTGTlp6c=
github.com/go-composites/proc v0.0.0-20260621063101-5567df7f1cd2/go.mod h1:TPjzjS4BiLoZYGmkNQJUjM7OqMKWPWryoyVn1pqp8ok=
github.com/go-composites/range v0.0.0-20260621063037-435953badcc9 h1:YJQyBdU0V5hmtODi1Dl78SILjayHjDZg1eAXwt/Zcls=
github.com/go-composites/range v0.0.0-20260621063037-435953badcc9/go.mod h1:lRtQUlNwT5/PG+num5R8BGZA36AlC1EdcsAGEzcM+QQ=
github.com/go-composites/rational v0.0.0-20260621063143-c5b2c622c831 h1:CiDkezQdoO7lWsb7AqZmmCou7OogIxDo4fj2D7eDEFg=
github.com/go-composites/rational v0.0.0-20260621063143-c5b2c622c831/go.mod h1:Uj5HaTYGNDdlYDPU3z4tqKxT0mtkAL9aEDWRNK/tNNo=
github.com/go-composites/result v0.0.0-20260621061851-32adc2fb3ac2 h1:viW4pFFcVIZI7r/2I5LzjrHti/w4yaj4YbD8CdfrOHg=
github.com/go-composites/result v0.0.0-20260621061851-32adc2fb3ac2/go.mod h1:gvGXTgh97uhqQjR16Te5aGr/Y4g1xQXDHc2nNYEj8/Y=
github.com/go-composites/set v0.0.0-20260621062940-66303411d5fd h1:6TXw9qb8nWMUDhholiZWi+A+03MaAM86k0JZ7xNHhzU=
github.com/go-composites/set v0.0.0-20260621062940-66303411d5fd/go.mod h1:sF3/ImzeQT4pqc+xAF0pWrDTKhNrXxCOpSshwW4wcwU=
github.com/go-composites/sortedset v0.0.0-20260621063007-71b9d6a1b83a h1:hPharCH+e3A42iS3y/PdHGSwm6sotK2lWZ2ulaYnT2I=
github.com/go-composites/sortedset v0.0.0-20260621063007-71b9d6a1b83a/go.mod h1:XpH+w7RII2WUg5KIUqz1Ltp03O5ecuKARZEd81C35IE=
github.com/go-composites/string v0.0.0-20260621062835-91506e1e3f94 h1:msdqTkDcHzlYl/9CKWYva3DZSBCvELKD0vSqeIPxyWw=
github.com/go-composites/string v0.0.0-20260621062835-91506e1e3f94/go.mod h1:I9n1gFm3ccBxILOnBVLshjvZ19z5RbS4vIU67KAW9qA=
github.com/go-composites/symbol v0.0.0-20260620192045-edf501557380 h1:NZsHJUNzxKQbcbtItKvOJL1nh+7N2ZdfwCnLyJNl6u4=
github.com/go-composites/symbol v0.0.0-20260620192045-edf501557380/go.mod h1:JujzPqqexqLKHfmEzMJx2K4mEhf5dEupd8285mwfm0Y=
github.com/go-composites/time v0.0.0-20260621063245-c40f77a05901 h1:U6hpmsFsTAKRecy0x4MPNrqT+UF1nZnWlb/m1pnnU1E=
github.com/go-composites/time v0.0.0-20260621063245-c40f77a05901/go.mod h1:zrlZ3j/YjUyE5AevDH1JTJkw+rEFJHDebiiQiKO0MGo=
github.com/go-logr/logr v1.4.3 h1:CjnDlHq8ikf6E492q6eKboGOC0T8CDaOvkHCIg8idEI=
github.com/go-logr/logr v1.4.3/go.mod h1:9T104GzyrTigFIr8wt5mBrctHMim0Nb2HLGrmQ40KvY=
github.com/go-task/slim-sprig/v3 v3.0.0 h1:sUs3vkvUymDpBKi3qH1YSqBQk9+9D/8M2mN1vB6EwHI=
github.com/go-task/slim-sprig/v3 v3.0.0/go.mod h1:W848ghGpv3Qj3dhTPRyJypKRiqCdHZiAzKg9hl15HA8=
github.com/google/go-cmp v0.7.0 h1:wk8382ETsv4JYUZwIsn6YpYiWiBsYLSJiTsyBybVuN8=
github.com/google/go-cmp v0.7.0/go.mod h1:pXiqmnSA92OHEEa9HXL2W4E7lf9JzCmGVUdgjX3N/iU=
github.com/google/pprof v0.0.0-20260402051712-545e8a4df936 h1:EwtI+Al+DeppwYX2oXJCETMO23COyaKGP6fHVpkpWpg=
github.com/google/pprof v0.0.0-20260402051712-545e8a4df936/go.mod h1:MxpfABSjhmINe3F1It9d+8exIHFvUqtLIRCdOGNXqiI=
github.com/onsi/ginkgo/v2 v2.31.0 h1:GtuJos5DFUV9EerYJo8RhYxosYNGvOdDE5haKq6Grfs=
github.com/onsi/ginkgo/v2 v2.31.0/go.mod h1:+aXOY+vzZ5mu2iI2HpTZUPmM//oQfsNFX6gU9kNcA44=
github.com/onsi/gomega v1.42.0 h1:CJby8u36xb7v34W78F8WKvqTQP7PCMIPB78IVDB73l4=
github.com/onsi/gomega v1.42.0/go.mod h1:M/Uqpu/8qTjtzCLUA2zJHX9Iilrau25x1PdoSRbWh5A=
go.yaml.in/yaml/v3 v3.0.4 h1:tfq32ie2Jv2UxXFdLJdh3jXuOzWiL1fo0bu/FbuKpbc=
go.yaml.in/yaml/v3 v3.0.4/go.mod h1:DhzuOOF2ATzADvBadXxruRBLzYTpT36CKvDb3+aBEFg=
golang.org/x/mod v0.37.0 h1:vF1DjpVEshcIqoEaauuHebaLk1O1forxjxBaVn884JQ=
golang.org/x/mod v0.37.0/go.mod h1:m8S8VeM9r4dzDwjrKO0a1sZP3YjeMamRRlD+fmR2Q/0=
golang.org/x/net v0.56.0 h1:Rw8j/hFzGvJUZwNBXnAtf5sVDVt+65SK2C7IxCxZt5o=
golang.org/x/net v0.56.0/go.mod h1:D3Ku6r+V6JROoZK144D2XfMHFcMq/0zSfLelVTCFKec=
golang.org/x/sync v0.21.0 h1:HLII4xRRTtCRkxYp4HNFF0Js/Og6q2i++KXbg0gHCwM=
golang.org/x/sync v0.21.0/go.mod h1:9xrNwdLfx4jkKbNva9FpL6vEN7evnE43NNNJQ2LF3+0=
golang.org/x/sys v0.46.0 h1:noSf2Fq6F8DBgS+LysIkx7rIExoNHJsxOAtPp4rthXw=
golang.org/x/sys v0.46.0/go.mod h1:4GL1E5IUh+htKOUEOaiffhrAeqysfVGipDYzABqnCmw=
golang.org/x/text v0.38.0 h1:sXmwo9DwP3OK9EZ7PqAdaooSGozfl/3a6/xJcbzPRhE=
golang.org/x/text v0.38.0/go.mod h1:YXZt3QhHUKYT53r2lLKFIVi6Ao1jdzrTR/KQ09qyxF4=
golang.org/x/tools v0.46.0 h1:7jTurBkPZu4moS/Uy4OQT1M+QBlsj3wejyZwsT8Z7rk=
golang.org/x/tools v0.46.0/go.mod h1:FrD85F8l+NWL+9XWBSyVSHO6Ne4jutsfIFba7AWQ5Ys=
