github.com/Masterminds/semver/v3 v3.4.0 h1:Zog+i5UMtVoCU8oKka5P7i9q9HgrJeGzI9SA1Xbatp0=
github.com/Masterminds/semver/v3 v3.4.0/go.mod h1:4V+yj/TJE1HU9XfppCwVMZq3I84lprf4nC11bSS5beM=
github.com/go-composites/array v0.0.0-20260904102020-397f40bbdaca h1:4ELkW3vvwLqwfI88HWghc1ddFujWftbSlmY6P2EAuZY=
github.com/go-composites/array v0.0.0-20260904102020-397f40bbdaca/go.mod h1:FPEe+ZtVmqDn/eakQLwEBrQf5RGDXE7P418d4psHyeg=
github.com/go-composites/bag v0.0.0-20260904102020-9d3db5d2c0bc h1:/3c31g00os+RunjEVf/8IdZWPt2WUeQnSeRaPH/iRvc=
github.com/go-composites/bag v0.0.0-20260904102020-9d3db5d2c0bc/go.mod h1:jMbCaZJAFXD6IKHWHiPkPOWSfqyGwHNTLQ7hg1PBlWc=
github.com/go-composites/bigfloat v0.0.0-20260904102020-e1babaa5bd3f h1:ksvjyjfMD8+XShwxbpFqCjSWI1bpkp3Y6oRMyvykJA8=
github.com/go-composites/bigfloat v0.0.0-20260904102020-e1babaa5bd3f/go.mod h1:W9KqvME3yFHyl4ARyteYDhS/WNkwMM+AfgGPDO56yBc=
github.com/go-composites/bignumber v0.0.0-20260904102001-1be661d35e27 h1:5Hy2EMoV8KVdYyYaNdMji2Ohk5UtIq1oTbW+ia8GAkA=
github.com/go-composites/bignumber v0.0.0-20260904102001-1be661d35e27/go.mod h1:Vw4UlbLA6E4cKkMQQv0MQYLd0ZFnkvBAeNaXNVwm+2E=
github.com/go-composites/boolean v0.0.0-20260904101951-b299c4bc5394 h1:Or5qaVIAd0GJOf0wy7FS8Jz2AHZJia0JVPZNDnWm4VI=
github.com/go-composites/boolean v0.0.0-20260904101951-b299c4bc5394/go.mod h1:aFnRXZb6sp0Bze/sWxmyrNeuzD87TSrG630jwUTUFrM=
github.com/go-composites/buffer v0.0.0-20260903220149-244d6554ad12 h1:N+TXg2LEBmpv2yyuj7lU2gQ7O+O82ltqL95EjOmRCzg=
github.com/go-composites/buffer v0.0.0-20260903220149-244d6554ad12/go.mod h1:bn7e0tulw0QZv+9cu5b3aqmVqBYTFewbQqBw4NJs3/U=
github.com/go-composites/complex v0.0.0-20260904101951-80ffc7bf53ab h1:uerxn/Ttly6gxboUZEzI33/CWnEgGIk+gXwYruxkinw=
github.com/go-composites/complex v0.0.0-20260904101951-80ffc7bf53ab/go.mod h1:y4fV2qp1QcRsBTun72dT+bYH0/2kL1r4PiJnyiYv3t0=
github.com/go-composites/date v0.0.0-20260904101945-f6e058070a57 h1:AA7i9Vai5YbWHt9mk1fkFFsF2BhQbFnNWQoGqj48M7U=
github.com/go-composites/date v0.0.0-20260904101945-f6e058070a57/go.mod h1:aXhA+YsjI+w74iF7hnpt08KLZSNSxgjegqkzAKoFweE=
github.com/go-composites/dictionary v0.0.0-20260904101945-8085b3d4cd3f h1:XbB74dQuWSeoWw1y/+SMGGMv3+6xN3SL5zTrxGShb9I=
github.com/go-composites/dictionary v0.0.0-20260904101945-8085b3d4cd3f/go.mod h1:MKlY1l28d7XHQSqQylhruIms0aaDe5tZVVWXToCac14=
github.com/go-composites/enumerator v0.0.0-20260903220214-ac2a83401729 h1:772U54TNyQfxLW66uyQIxOV3iasrLNLexqfgE/HjKok=
github.com/go-composites/enumerator v0.0.0-20260903220214-ac2a83401729/go.mod h1:bam0yRZ/Vzd5PbvOq8kVvEfnqXkcY1/PO72Lu3AzAy4=
github.com/go-composites/error v0.0.0-20260903220219-cc4a1228280c h1:UajPCimzTCK8u/Yc0sM+6Mb5bGTF/0CyG5KMztU+qgs=
github.com/go-composites/error v0.0.0-20260903220219-cc4a1228280c/go.mod h1:GQil0nxfWkPMkYrP3RHLucu2HpsGwwT5WdkooH8bC8M=
github.com/go-composites/null v0.0.0-20260903220223-c1d743488d23 h1:CrztNkLeRiOTNW7QIIASY7bjwUiK78iUxgYbUpoyIWI=
github.com/go-composites/null v0.0.0-20260903220223-c1d743488d23/go.mod h1:6cSkTkpvobmk2/FSOCRu928lYmWCp87HyCSffyQFhVk=
github.com/go-composites/number v0.0.0-20260903220228-eeb9960987f5 h1:vR3iNcniVYZglD2Zpz+lYjLHjMwql8oVu7FuhnJIX84=
github.com/go-composites/number v0.0.0-20260903220228-eeb9960987f5/go.mod h1:jCWVVr+vLB5ABNt7J9KUEzqX0ROu2EOQsUx3GhY2iTw=
github.com/go-composites/orderedset v0.0.0-20260904102003-99fce50b2c4a h1:1YXCcaGyHIrXb0MTTElwnhC0N32WNaCSr6Bd7owJ7cE=
github.com/go-composites/orderedset v0.0.0-20260904102003-99fce50b2c4a/go.mod h1:Z5RQKetKzOH4LNd9IQ4kleNvHO+uNgonub/QtAUyXwg=
github.com/go-composites/pair v0.0.0-20260904102001-69f15d29cbd1 h1:kZqZYmyuVQ681VmWGialRLiTPceS55F4HK1WIWHDbaE=
github.com/go-composites/pair v0.0.0-20260904102001-69f15d29cbd1/go.mod h1:Xga9JHd6ERohOlrIp1njq6wMJBOpJs98VQYhmBJzYhQ=
github.com/go-composites/proc v0.0.0-20260904101956-a83d4743abae h1:wS1zgauPSXW5S1n94oRq6mHhnI7vz1f+XavIx2n1YoA=
github.com/go-composites/proc v0.0.0-20260904101956-a83d4743abae/go.mod h1:+jxsRTj5+q3HvOPCTmktTf/1Qdwf6ULCIoAFPY0Fftk=
github.com/go-composites/range v0.0.0-20260904102025-11fd2b63fe60 h1:wi0sM52UukeQUZ+kIsN3YDOQ4LGQVGTgly2rrjeeMtc=
github.com/go-composites/range v0.0.0-20260904102025-11fd2b63fe60/go.mod h1:HrH7o+0pk7NP/BKES/fMzHIz1WBAu+gTHOT6CKLKl6k=
github.com/go-composites/rational v0.0.0-20260904101957-6da26e36dc28 h1:kY/ZLJUQsErqDDdBVKrFkV4rXjye7x9kTcQym60IzHw=
github.com/go-composites/rational v0.0.0-20260904101957-6da26e36dc28/go.mod h1:RQxbElMjnaq1M2abKSDsI1+lAffyiqR6FQmAU/R2JoM=
github.com/go-composites/result v0.0.0-20260904101956-f4b09f308e35 h1:x/uBB9RqZhxwVK7c8IA1bkcJxscDFaBXKGaCM+klZEQ=
github.com/go-composites/result v0.0.0-20260904101956-f4b09f308e35/go.mod h1:r0zNVLa12lDqCTh6bzP56lWETqvCjEb8M/2PL/upY9g=
github.com/go-composites/set v0.0.0-20260903220258-2690b7f3c211 h1:aB+hbI9LZE3LQTX/wV5kKq/vyx+mNLZgAwWLANqJ3jg=
github.com/go-composites/set v0.0.0-20260903220258-2690b7f3c211/go.mod h1:78ENjCcwTlzETxIq4+/tSedbU57AGR15xx3764B2iBE=
github.com/go-composites/sortedset v0.0.0-20260903220303-82704b013d20 h1:tVo/iFwFff4/7OOsVE0HSMoT3FzwQLkx6ZR+SDMtYE4=
github.com/go-composites/sortedset v0.0.0-20260903220303-82704b013d20/go.mod h1:T19zT0bI5NmYv/oSkVXNApe5r71Au5QXpn+Rh070m+g=
github.com/go-composites/string v0.0.0-20260903220307-a3a93ea4bd59 h1:/FPPd9VksTKm2l7l828aFK3wDINli/HANeyYqAoExM0=
github.com/go-composites/string v0.0.0-20260903220307-a3a93ea4bd59/go.mod h1:cgMJQKU4VSvFstp+QPq1/IcKXbjjiRNgDfzui+aivWc=
github.com/go-composites/symbol v0.0.0-20260903220310-40c441fbd496 h1:5iRiJwZ6CZh9S2ayCKvoKI/Frd/Kp636FItacDCEj8o=
github.com/go-composites/symbol v0.0.0-20260903220310-40c441fbd496/go.mod h1:poVuRsvBV/piTyKmVEu84OtLod5FkrVWJCBMJkW9Yz0=
github.com/go-composites/time v0.0.0-20260903220314-eb55787f8524 h1:jVzyInLf21Vm1GgJR6ee2Z5eQGWUNy/nazvvAi6yTjA=
github.com/go-composites/time v0.0.0-20260903220314-eb55787f8524/go.mod h1:83ikWYFUvTwqGWWiO6BesiYwT6RXPd65PhkcU56Uih8=
github.com/go-datetime/dates v0.1.0 h1:Uj8TaTZ09DXdq75EGQ/teFdrXpfVAC3ZDHAPQvPTnaA=
github.com/go-datetime/dates v0.1.0/go.mod h1:KeZ1wUeMScJD6HOvj3hINwbsB+GCSFjJLWcJhrBlwIo=
github.com/go-logr/logr v1.4.3 h1:CjnDlHq8ikf6E492q6eKboGOC0T8CDaOvkHCIg8idEI=
github.com/go-logr/logr v1.4.3/go.mod h1:9T104GzyrTigFIr8wt5mBrctHMim0Nb2HLGrmQ40KvY=
github.com/go-task/slim-sprig/v3 v3.0.0 h1:sUs3vkvUymDpBKi3qH1YSqBQk9+9D/8M2mN1vB6EwHI=
github.com/go-task/slim-sprig/v3 v3.0.0/go.mod h1:W848ghGpv3Qj3dhTPRyJypKRiqCdHZiAzKg9hl15HA8=
github.com/google/go-cmp v0.7.0 h1:wk8382ETsv4JYUZwIsn6YpYiWiBsYLSJiTsyBybVuN8=
github.com/google/go-cmp v0.7.0/go.mod h1:pXiqmnSA92OHEEa9HXL2W4E7lf9JzCmGVUdgjX3N/iU=
github.com/google/pprof v0.0.0-20260402051712-545e8a4df936 h1:EwtI+Al+DeppwYX2oXJCETMO23COyaKGP6fHVpkpWpg=
github.com/google/pprof v0.0.0-20260402051712-545e8a4df936/go.mod h1:MxpfABSjhmINe3F1It9d+8exIHFvUqtLIRCdOGNXqiI=
github.com/onsi/ginkgo/v2 v2.32.1 h1:6tlvcDm/3sE8lGJbZ4+d4mO3RLy24/tQWOFzVSQNIfw=
github.com/onsi/ginkgo/v2 v2.32.1/go.mod h1:+aXOY+vzZ5mu2iI2HpTZUPmM//oQfsNFX6gU9kNcA44=
github.com/onsi/gomega v1.43.0 h1:VlG/1FxqNxhSO+lq/OHBNaaqwiBK/mO8JbVkX9Y+FeU=
github.com/onsi/gomega v1.43.0/go.mod h1:REff/hsDsodHoKlWsP2mAPhu1+5/6hVYNf9rIEBpeSg=
go.yaml.in/yaml/v3 v3.0.4 h1:tfq32ie2Jv2UxXFdLJdh3jXuOzWiL1fo0bu/FbuKpbc=
go.yaml.in/yaml/v3 v3.0.4/go.mod h1:DhzuOOF2ATzADvBadXxruRBLzYTpT36CKvDb3+aBEFg=
golang.org/x/mod v0.37.0 h1:vF1DjpVEshcIqoEaauuHebaLk1O1forxjxBaVn884JQ=
golang.org/x/mod v0.37.0/go.mod h1:m8S8VeM9r4dzDwjrKO0a1sZP3YjeMamRRlD+fmR2Q/0=
golang.org/x/net v0.56.0 h1:Rw8j/hFzGvJUZwNBXnAtf5sVDVt+65SK2C7IxCxZt5o=
golang.org/x/net v0.56.0/go.mod h1:D3Ku6r+V6JROoZK144D2XfMHFcMq/0zSfLelVTCFKec=
golang.org/x/sync v0.21.0 h1:HLII4xRRTtCRkxYp4HNFF0Js/Og6q2i++KXbg0gHCwM=
golang.org/x/sync v0.21.0/go.mod h1:9xrNwdLfx4jkKbNva9FpL6vEN7evnE43NNNJQ2LF3+0=
golang.org/x/sys v0.46.0 h1:noSf2Fq6F8DBgS+LysIkx7rIExoNHJsxOAtPp4rthXw=
golang.org/x/sys v0.46.0/go.mod h1:4GL1E5IUh+htKOUEOaiffhrAeqysfVGipDYzABqnCmw=
golang.org/x/text v0.38.0 h1:sXmwo9DwP3OK9EZ7PqAdaooSGozfl/3a6/xJcbzPRhE=
golang.org/x/text v0.38.0/go.mod h1:YXZt3QhHUKYT53r2lLKFIVi6Ao1jdzrTR/KQ09qyxF4=
golang.org/x/tools v0.46.0 h1:7jTurBkPZu4moS/Uy4OQT1M+QBlsj3wejyZwsT8Z7rk=
golang.org/x/tools v0.46.0/go.mod h1:FrD85F8l+NWL+9XWBSyVSHO6Ne4jutsfIFba7AWQ5Ys=
