github.com/Masterminds/semver/v3 v3.4.0 h1:Zog+i5UMtVoCU8oKka5P7i9q9HgrJeGzI9SA1Xbatp0=
github.com/Masterminds/semver/v3 v3.4.0/go.mod h1:4V+yj/TJE1HU9XfppCwVMZq3I84lprf4nC11bSS5beM=
github.com/go-composites/array v0.0.0-20260905061411-f0f5dad468ca h1:l0ufkzf2c4QLp+vbFjzF2BZ17JzPglV6qv5hnrRVLAU=
github.com/go-composites/array v0.0.0-20260905061411-f0f5dad468ca/go.mod h1:rMaX8onLilkXn+8ryeFM5i53A4I7AUrOIiG8/2JkJ+0=
github.com/go-composites/bag v0.0.0-20260905061328-717cdb9c11b6 h1:KjaW8vsQ8MF1xyysFudq1OqhBfLmNYR4+M/+ea8QfpA=
github.com/go-composites/bag v0.0.0-20260905061328-717cdb9c11b6/go.mod h1:x733D27SFJOT6ZPA9a0AbEBnFAYo7ckIG33LzozR/9I=
github.com/go-composites/bigfloat v0.0.0-20260905061323-d1ea329c8243 h1:5aldyOG0kwwekkX9K9Gz6YbVwMgGUM5HHSrYK5ttcPA=
github.com/go-composites/bigfloat v0.0.0-20260905061323-d1ea329c8243/go.mod h1:O4UL0GQsFdSlDnpWuoWqEYXNYGTSu5oSykN2OpoHEjQ=
github.com/go-composites/bignumber v0.0.0-20260905061323-03ac78d1f7a4 h1:AlWiDqWUA5U1a+lOFtXDLc927x9LN0JJGishR++i3bQ=
github.com/go-composites/bignumber v0.0.0-20260905061323-03ac78d1f7a4/go.mod h1:73Rt/VspOm1pfdCUO5PLsJC7RqMWWI/dy5gMPxJhoHg=
github.com/go-composites/boolean v0.0.0-20260905061320-775e73bb8389 h1:fq2JUaBLTrb4QWWBgOGzdcfUJ84ybPFgu7gQBae/9P4=
github.com/go-composites/boolean v0.0.0-20260905061320-775e73bb8389/go.mod h1:VzVsovyddmXl1idvrYOpvjSMh/tyUdVVbuSRu9Wy3yk=
github.com/go-composites/buffer v0.0.0-20260903220149-244d6554ad12 h1:N+TXg2LEBmpv2yyuj7lU2gQ7O+O82ltqL95EjOmRCzg=
github.com/go-composites/buffer v0.0.0-20260903220149-244d6554ad12/go.mod h1:bn7e0tulw0QZv+9cu5b3aqmVqBYTFewbQqBw4NJs3/U=
github.com/go-composites/complex v0.0.0-20260905061318-fa24e7bd6c2b h1:cn5l0EhhW0TFfO6VyIOuIVV16tBLMxKMoKWdmW452Jw=
github.com/go-composites/complex v0.0.0-20260905061318-fa24e7bd6c2b/go.mod h1:mV/21Lzk4Xtohau748nOdDdeozRO8l2q54J1sh/H6V0=
github.com/go-composites/date v0.0.0-20260905061344-f355f4cb8a3d h1:KLnI1CsIinXCBKOfk/lNFEatIHVQh6w21qkQOeYD0oM=
github.com/go-composites/date v0.0.0-20260905061344-f355f4cb8a3d/go.mod h1:QXW7Hhju0zqAhXoRRLlV1nmeXozS4TPP9IOMgYgaTno=
github.com/go-composites/dictionary v0.0.0-20260905061340-871aacd3ef2e h1:cgqxhxMmY8IikqxEEPIpNGC+KwJwmkYVz1LX7X8dR2k=
github.com/go-composites/dictionary v0.0.0-20260905061340-871aacd3ef2e/go.mod h1:YFff84p9vI9lx/rGakvIFBcziRCSl5wswkamH8ATLMA=
github.com/go-composites/enumerator v0.0.0-20260905061420-626ab9503c9b h1:48iv57lCmCJWRRmdM1QIox/5r2hctJSAFbr+dfBt4FI=
github.com/go-composites/enumerator v0.0.0-20260905061420-626ab9503c9b/go.mod h1:te0AlKpaz58vawjquDc79PiXZckg8NthUjQQyq2bgEc=
github.com/go-composites/error v0.0.0-20260903220219-cc4a1228280c h1:UajPCimzTCK8u/Yc0sM+6Mb5bGTF/0CyG5KMztU+qgs=
github.com/go-composites/error v0.0.0-20260903220219-cc4a1228280c/go.mod h1:GQil0nxfWkPMkYrP3RHLucu2HpsGwwT5WdkooH8bC8M=
github.com/go-composites/null v0.0.0-20260903220223-c1d743488d23 h1:CrztNkLeRiOTNW7QIIASY7bjwUiK78iUxgYbUpoyIWI=
github.com/go-composites/null v0.0.0-20260903220223-c1d743488d23/go.mod h1:6cSkTkpvobmk2/FSOCRu928lYmWCp87HyCSffyQFhVk=
github.com/go-composites/number v0.0.0-20260905061338-9d00fcb7b1f0 h1:4sfH1ZjQOAWhQGqvWCu44QmNkTjRDPxnH9uhkGezWEs=
github.com/go-composites/number v0.0.0-20260905061338-9d00fcb7b1f0/go.mod h1:wPItU6/dLKOeZYFLVt3QVq8a81SF2q+QoTeal1WV660=
github.com/go-composites/orderedset v0.0.0-20260905061338-551854e99079 h1:Kk/z90bQOs4CEPly2BUKDJOYzoQxQhh9hiwWZrwDrl4=
github.com/go-composites/orderedset v0.0.0-20260905061338-551854e99079/go.mod h1:/fS9OWNR3IUaPEoKiXvVqkOTjdA+iyMsJfXuWirGSZ4=
github.com/go-composites/pair v0.0.0-20260905061334-fe0dfc3a46b4 h1:QsKep7LId4TF2/XfLFlZqxVaKQQ/p91h4HXZthT3Lf0=
github.com/go-composites/pair v0.0.0-20260905061334-fe0dfc3a46b4/go.mod h1:QwH8HL8C2viscmzYsvy884hA/WPR9I5xDFq/69svAHU=
github.com/go-composites/proc v0.0.0-20260905061334-cfb5e5f7d3b8 h1:MOXExHkfhwxe/RUdnDqJkq//3QkUtRZ1VpByYebgVuI=
github.com/go-composites/proc v0.0.0-20260905061334-cfb5e5f7d3b8/go.mod h1:935FUYrgD4Jx9gjCia6nLsmxZumyde3VZUaJBnTWM50=
github.com/go-composites/range v0.0.0-20260905061333-b44e78a7fd61 h1:wBM1pIQReCnyPTbZ7U8EFqqAj5EsCScGtvBsnwvpYVA=
github.com/go-composites/range v0.0.0-20260905061333-b44e78a7fd61/go.mod h1:yS3ihV5zUs5SIlE4pbiQCb/7hMsEZxBvGvVXhJoDXAY=
github.com/go-composites/rational v0.0.0-20260905061329-b8ca9609becc h1:qmCEcJ6ExiiO0sbzJsr2rGuxUDsztW1WyAIJgfnGmBc=
github.com/go-composites/rational v0.0.0-20260905061329-b8ca9609becc/go.mod h1:amo9WchfHRvc5Bwp1D7zRxjmB2liw9JjIZWvTfiaF9o=
github.com/go-composites/result v0.0.0-20260904101956-f4b09f308e35 h1:x/uBB9RqZhxwVK7c8IA1bkcJxscDFaBXKGaCM+klZEQ=
github.com/go-composites/result v0.0.0-20260904101956-f4b09f308e35/go.mod h1:r0zNVLa12lDqCTh6bzP56lWETqvCjEb8M/2PL/upY9g=
github.com/go-composites/set v0.0.0-20260905061417-a83e1f79db2f h1:zV0aVrHfN+Ei7kySmnOJk/AXYosT+Yfewk5h6g2euGI=
github.com/go-composites/set v0.0.0-20260905061417-a83e1f79db2f/go.mod h1:FxGCu5hm26qxtjlWxDVLs5h/kF369Q0XsIf+KdKTCGY=
github.com/go-composites/sortedset v0.0.0-20260905061416-8e992e96f367 h1:HuxkQvoiPSCsxycLY5wKt17cKY2Ji5iBgN8A3132Iao=
github.com/go-composites/sortedset v0.0.0-20260905061416-8e992e96f367/go.mod h1:nwvL0A01APUYF7a3UXPpF99FPtAxyUg93cKBrx5o+NM=
github.com/go-composites/string v0.0.0-20260905061416-601ba5ed79f4 h1:RmHWjyHgPxGU5jTDoqlpY8Po8Lg/yhiWPbYCqOWu59g=
github.com/go-composites/string v0.0.0-20260905061416-601ba5ed79f4/go.mod h1:I83BWG2eG0aXEo7SMmyuiM90xnYpB4TdiKT2DsXNBwg=
github.com/go-composites/symbol v0.0.0-20260903220310-40c441fbd496 h1:5iRiJwZ6CZh9S2ayCKvoKI/Frd/Kp636FItacDCEj8o=
github.com/go-composites/symbol v0.0.0-20260903220310-40c441fbd496/go.mod h1:poVuRsvBV/piTyKmVEu84OtLod5FkrVWJCBMJkW9Yz0=
github.com/go-composites/time v0.0.0-20260905061345-a79114038df1 h1:awdx7iscmWIzkBktTId1x6MdnPIjxbFmxS6G9FENfSk=
github.com/go-composites/time v0.0.0-20260905061345-a79114038df1/go.mod h1:6fD5gYNWs21Ef9A6wf87M4wI2a9vXJ09QNh50shuAXU=
github.com/go-datetime/dates v0.1.0 h1:Uj8TaTZ09DXdq75EGQ/teFdrXpfVAC3ZDHAPQvPTnaA=
github.com/go-datetime/dates v0.1.0/go.mod h1:KeZ1wUeMScJD6HOvj3hINwbsB+GCSFjJLWcJhrBlwIo=
github.com/go-logr/logr v1.4.3 h1:CjnDlHq8ikf6E492q6eKboGOC0T8CDaOvkHCIg8idEI=
github.com/go-logr/logr v1.4.3/go.mod h1:9T104GzyrTigFIr8wt5mBrctHMim0Nb2HLGrmQ40KvY=
github.com/go-task/slim-sprig/v3 v3.0.0 h1:sUs3vkvUymDpBKi3qH1YSqBQk9+9D/8M2mN1vB6EwHI=
github.com/go-task/slim-sprig/v3 v3.0.0/go.mod h1:W848ghGpv3Qj3dhTPRyJypKRiqCdHZiAzKg9hl15HA8=
github.com/google/go-cmp v0.7.0 h1:wk8382ETsv4JYUZwIsn6YpYiWiBsYLSJiTsyBybVuN8=
github.com/google/go-cmp v0.7.0/go.mod h1:pXiqmnSA92OHEEa9HXL2W4E7lf9JzCmGVUdgjX3N/iU=
github.com/google/pprof v0.0.0-20260402051712-545e8a4df936 h1:EwtI+Al+DeppwYX2oXJCETMO23COyaKGP6fHVpkpWpg=
github.com/google/pprof v0.0.0-20260402051712-545e8a4df936/go.mod h1:MxpfABSjhmINe3F1It9d+8exIHFvUqtLIRCdOGNXqiI=
github.com/onsi/ginkgo/v2 v2.32.1 h1:6tlvcDm/3sE8lGJbZ4+d4mO3RLy24/tQWOFzVSQNIfw=
github.com/onsi/ginkgo/v2 v2.32.1/go.mod h1:+aXOY+vzZ5mu2iI2HpTZUPmM//oQfsNFX6gU9kNcA44=
github.com/onsi/gomega v1.43.0 h1:VlG/1FxqNxhSO+lq/OHBNaaqwiBK/mO8JbVkX9Y+FeU=
github.com/onsi/gomega v1.43.0/go.mod h1:REff/hsDsodHoKlWsP2mAPhu1+5/6hVYNf9rIEBpeSg=
go.yaml.in/yaml/v3 v3.0.4 h1:tfq32ie2Jv2UxXFdLJdh3jXuOzWiL1fo0bu/FbuKpbc=
go.yaml.in/yaml/v3 v3.0.4/go.mod h1:DhzuOOF2ATzADvBadXxruRBLzYTpT36CKvDb3+aBEFg=
golang.org/x/mod v0.37.0 h1:vF1DjpVEshcIqoEaauuHebaLk1O1forxjxBaVn884JQ=
golang.org/x/mod v0.37.0/go.mod h1:m8S8VeM9r4dzDwjrKO0a1sZP3YjeMamRRlD+fmR2Q/0=
golang.org/x/net v0.56.0 h1:Rw8j/hFzGvJUZwNBXnAtf5sVDVt+65SK2C7IxCxZt5o=
golang.org/x/net v0.56.0/go.mod h1:D3Ku6r+V6JROoZK144D2XfMHFcMq/0zSfLelVTCFKec=
golang.org/x/sync v0.21.0 h1:HLII4xRRTtCRkxYp4HNFF0Js/Og6q2i++KXbg0gHCwM=
golang.org/x/sync v0.21.0/go.mod h1:9xrNwdLfx4jkKbNva9FpL6vEN7evnE43NNNJQ2LF3+0=
golang.org/x/sys v0.46.0 h1:noSf2Fq6F8DBgS+LysIkx7rIExoNHJsxOAtPp4rthXw=
golang.org/x/sys v0.46.0/go.mod h1:4GL1E5IUh+htKOUEOaiffhrAeqysfVGipDYzABqnCmw=
golang.org/x/text v0.38.0 h1:sXmwo9DwP3OK9EZ7PqAdaooSGozfl/3a6/xJcbzPRhE=
golang.org/x/text v0.38.0/go.mod h1:YXZt3QhHUKYT53r2lLKFIVi6Ao1jdzrTR/KQ09qyxF4=
golang.org/x/tools v0.46.0 h1:7jTurBkPZu4moS/Uy4OQT1M+QBlsj3wejyZwsT8Z7rk=
golang.org/x/tools v0.46.0/go.mod h1:FrD85F8l+NWL+9XWBSyVSHO6Ne4jutsfIFba7AWQ5Ys=
